
Microsoft Visual Studio Solution File, Format Version 12.00
# Visual Studio Version 17
VisualStudioVersion = 17.6.33723.286
MinimumVisualStudioVersion = 10.0.40219.1
Project("{FAE04EC0-301F-11D3-BF4B-00C04F79EFBC}") = "Calculator", "Calculator\Calculator.csproj", "{20F1F8A4-4019-4224-BEC6-E0DEE8A33DBF}"
EndProject
Project("{FAE04EC0-301F-11D3-BF4B-00C04F79EFBC}") = "Models", "Models\Models.csproj", "{EF1CDBFB-99DD-4199-868E-D23D7EDD5370}"
EndProject
Project("{FAE04EC0-301F-11D3-BF4B-00C04F79EFBC}") = "Bot", "Bot\Bot.csproj", "{27073AEF-2426-4295-8B2D-DB8D1A284523}"
EndProject
Project("{FAE04EC0-301F-11D3-BF4B-00C04F79EFBC}") = "Host", "Host\Host.csproj", "{0B35601D-8ACA-4994-A074-121173097EDE}"
EndProject
Global
	GlobalSection(SolutionConfigurationPlatforms) = preSolution
		Debug|Any CPU = Debug|Any CPU
		Debug|ARM = Debug|ARM
		Debug|ARM64 = Debug|ARM64
		Debug|x64 = Debug|x64
		Debug|x86 = Debug|x86
		Release|Any CPU = Release|Any CPU
		Release|ARM = Release|ARM
		Release|ARM64 = Release|ARM64
		Release|x64 = Release|x64
		Release|x86 = Release|x86
	EndGlobalSection
	GlobalSection(ProjectConfigurationPlatforms) = postSolution
		{20F1F8A4-4019-4224-BEC6-E0DEE8A33DBF}.Debug|Any CPU.ActiveCfg = Debug|Any CPU
		{20F1F8A4-4019-4224-BEC6-E0DEE8A33DBF}.Debug|Any CPU.Build.0 = Debug|Any CPU
		{20F1F8A4-4019-4224-BEC6-E0DEE8A33DBF}.Debug|ARM.ActiveCfg = Debug|Any CPU
		{20F1F8A4-4019-4224-BEC6-E0DEE8A33DBF}.Debug|ARM.Build.0 = Debug|Any CPU
		{20F1F8A4-4019-4224-BEC6-E0DEE8A33DBF}.Debug|ARM64.ActiveCfg = Debug|Any CPU
		{20F1F8A4-4019-4224-BEC6-E0DEE8A33DBF}.Debug|ARM64.Build.0 = Debug|Any CPU
		{20F1F8A4-4019-4224-BEC6-E0DEE8A33DBF}.Debug|x64.ActiveCfg = Debug|Any CPU
		{20F1F8A4-4019-4224-BEC6-E0DEE8A33DBF}.Debug|x64.Build.0 = Debug|Any CPU
		{20F1F8A4-4019-4224-BEC6-E0DEE8A33DBF}.Debug|x86.ActiveCfg = Debug|Any CPU
		{20F1F8A4-4019-4224-BEC6-E0DEE8A33DBF}.Debug|x86.Build.0 = Debug|Any CPU
		{20F1F8A4-4019-4224-BEC6-E0DEE8A33DBF}.Release|Any CPU.ActiveCfg = Release|Any CPU
		{20F1F8A4-4019-4224-BEC6-E0DEE8A33DBF}.Release|Any CPU.Build.0 = Release|Any CPU
		{20F1F8A4-4019-4224-BEC6-E0DEE8A33DBF}.Release|ARM.ActiveCfg = Release|Any CPU
		{20F1F8A4-4019-4224-BEC6-E0DEE8A33DBF}.Release|ARM.Build.0 = Release|Any CPU
		{20F1F8A4-4019-4224-BEC6-E0DEE8A33DBF}.Release|ARM64.ActiveCfg = Release|Any CPU
		{20F1F8A4-4019-4224-BEC6-E0DEE8A33DBF}.Release|ARM64.Build.0 = Release|Any CPU
		{20F1F8A4-4019-4224-BEC6-E0DEE8A33DBF}.Release|x64.ActiveCfg = Release|Any CPU
		{20F1F8A4-4019-4224-BEC6-E0DEE8A33DBF}.Release|x64.Build.0 = Release|Any CPU
		{20F1F8A4-4019-4224-BEC6-E0DEE8A33DBF}.Release|x86.ActiveCfg = Release|Any CPU
		{20F1F8A4-4019-4224-BEC6-E0DEE8A33DBF}.Release|x86.Build.0 = Release|Any CPU
		{EF1CDBFB-99DD-4199-868E-D23D7EDD5370}.Debug|Any CPU.ActiveCfg = Debug|Any CPU
		{EF1CDBFB-99DD-4199-868E-D23D7EDD5370}.Debug|Any CPU.Build.0 = Debug|Any CPU
		{EF1CDBFB-99DD-4199-868E-D23D7EDD5370}.Debug|ARM.ActiveCfg = Debug|Any CPU
		{EF1CDBFB-99DD-4199-868E-D23D7EDD5370}.Debug|ARM.Build.0 = Debug|Any CPU
		{EF1CDBFB-99DD-4199-868E-D23D7EDD5370}.Debug|ARM64.ActiveCfg = Debug|Any CPU
		{EF1CDBFB-99DD-4199-868E-D23D7EDD5370}.Debug|ARM64.Build.0 = Debug|Any CPU
		{EF1CDBFB-99DD-4199-868E-D23D7EDD5370}.Debug|x64.ActiveCfg = Debug|Any CPU
		{EF1CDBFB-99DD-4199-868E-D23D7EDD5370}.Debug|x64.Build.0 = Debug|Any CPU
		{EF1CDBFB-99DD-4199-868E-D23D7EDD5370}.Debug|x86.ActiveCfg = Debug|Any CPU
		{EF1CDBFB-99DD-4199-868E-D23D7EDD5370}.Debug|x86.Build.0 = Debug|Any CPU
		{EF1CDBFB-99DD-4199-868E-D23D7EDD5370}.Release|Any CPU.ActiveCfg = Release|Any CPU
		{EF1CDBFB-99DD-4199-868E-D23D7EDD5370}.Release|Any CPU.Build.0 = Release|Any CPU
		{EF1CDBFB-99DD-4199-868E-D23D7EDD5370}.Release|ARM.ActiveCfg = Release|Any CPU
		{EF1CDBFB-99DD-4199-868E-D23D7EDD5370}.Release|ARM.Build.0 = Release|Any CPU
		{EF1CDBFB-99DD-4199-868E-D23D7EDD5370}.Release|ARM64.ActiveCfg = Release|Any CPU
		{EF1CDBFB-99DD-4199-868E-D23D7EDD5370}.Release|ARM64.Build.0 = Release|Any CPU
		{EF1CDBFB-99DD-4199-868E-D23D7EDD5370}.Release|x64.ActiveCfg = Release|Any CPU
		{EF1CDBFB-99DD-4199-868E-D23D7EDD5370}.Release|x64.Build.0 = Release|Any CPU
		{EF1CDBFB-99DD-4199-868E-D23D7EDD5370}.Release|x86.ActiveCfg = Release|Any CPU
		{EF1CDBFB-99DD-4199-868E-D23D7EDD5370}.Release|x86.Build.0 = Release|Any CPU
		{27073AEF-2426-4295-8B2D-DB8D1A284523}.Debug|Any CPU.ActiveCfg = Debug|Any CPU
		{27073AEF-2426-4295-8B2D-DB8D1A284523}.Debug|Any CPU.Build.0 = Debug|Any CPU
		{27073AEF-2426-4295-8B2D-DB8D1A284523}.Debug|ARM.ActiveCfg = Debug|Any CPU
		{27073AEF-2426-4295-8B2D-DB8D1A284523}.Debug|ARM.Build.0 = Debug|Any CPU
		{27073AEF-2426-4295-8B2D-DB8D1A284523}.Debug|ARM64.ActiveCfg = Debug|Any CPU
		{27073AEF-2426-4295-8B2D-DB8D1A284523}.Debug|ARM64.Build.0 = Debug|Any CPU
		{27073AEF-2426-4295-8B2D-DB8D1A284523}.Debug|x64.ActiveCfg = Debug|Any CPU
		{27073AEF-2426-4295-8B2D-DB8D1A284523}.Debug|x64.Build.0 = Debug|Any CPU
		{27073AEF-2426-4295-8B2D-DB8D1A284523}.Debug|x86.ActiveCfg = Debug|Any CPU
		{27073AEF-2426-4295-8B2D-DB8D1A284523}.Debug|x86.Build.0 = Debug|Any CPU
		{27073AEF-2426-4295-8B2D-DB8D1A284523}.Release|Any CPU.ActiveCfg = Release|Any CPU
		{27073AEF-2426-4295-8B2D-DB8D1A284523}.Release|Any CPU.Build.0 = Release|Any CPU
		{27073AEF-2426-4295-8B2D-DB8D1A284523}.Release|ARM.ActiveCfg = Release|Any CPU
		{27073AEF-2426-4295-8B2D-DB8D1A284523}.Release|ARM.Build.0 = Release|Any CPU
		{27073AEF-2426-4295-8B2D-DB8D1A284523}.Release|ARM64.ActiveCfg = Release|Any CPU
		{27073AEF-2426-4295-8B2D-DB8D1A284523}.Release|ARM64.Build.0 = Release|Any CPU
		{27073AEF-2426-4295-8B2D-DB8D1A284523}.Release|x64.ActiveCfg = Release|Any CPU
		{27073AEF-2426-4295-8B2D-DB8D1A284523}.Release|x64.Build.0 = Release|Any CPU
		{27073AEF-2426-4295-8B2D-DB8D1A284523}.Release|x86.ActiveCfg = Release|Any CPU
		{27073AEF-2426-4295-8B2D-DB8D1A284523}.Release|x86.Build.0 = Release|Any CPU
		{0B35601D-8ACA-4994-A074-121173097EDE}.Debug|Any CPU.ActiveCfg = Debug|Any CPU
		{0B35601D-8ACA-4994-A074-121173097EDE}.Debug|Any CPU.Build.0 = Debug|Any CPU
		{0B35601D-8ACA-4994-A074-121173097EDE}.Debug|ARM.ActiveCfg = Debug|Any CPU
		{0B35601D-8ACA-4994-A074-121173097EDE}.Debug|ARM.Build.0 = Debug|Any CPU
		{0B35601D-8ACA-4994-A074-121173097EDE}.Debug|ARM64.ActiveCfg = Debug|Any CPU
		{0B35601D-8ACA-4994-A074-121173097EDE}.Debug|ARM64.Build.0 = Debug|Any CPU
		{0B35601D-8ACA-4994-A074-121173097EDE}.Debug|x64.ActiveCfg = Debug|Any CPU
		{0B35601D-8ACA-4994-A074-121173097EDE}.Debug|x64.Build.0 = Debug|Any CPU
		{0B35601D-8ACA-4994-A074-121173097EDE}.Debug|x86.ActiveCfg = Debug|Any CPU
		{0B35601D-8ACA-4994-A074-121173097EDE}.Debug|x86.Build.0 = Debug|Any CPU
		{0B35601D-8ACA-4994-A074-121173097EDE}.Release|Any CPU.ActiveCfg = Release|Any CPU
		{0B35601D-8ACA-4994-A074-121173097EDE}.Release|Any CPU.Build.0 = Release|Any CPU
		{0B35601D-8ACA-4994-A074-121173097EDE}.Release|ARM.ActiveCfg = Release|Any CPU
		{0B35601D-8ACA-4994-A074-121173097EDE}.Release|ARM.Build.0 = Release|Any CPU
		{0B35601D-8ACA-4994-A074-121173097EDE}.Release|ARM64.ActiveCfg = Release|Any CPU
		{0B35601D-8ACA-4994-A074-121173097EDE}.Release|ARM64.Build.0 = Release|Any CPU
		{0B35601D-8ACA-4994-A074-121173097EDE}.Release|x64.ActiveCfg = Release|Any CPU
		{0B35601D-8ACA-4994-A074-121173097EDE}.Release|x64.Build.0 = Release|Any CPU
		{0B35601D-8ACA-4994-A074-121173097EDE}.Release|x86.ActiveCfg = Release|Any CPU
		{0B35601D-8ACA-4994-A074-121173097EDE}.Release|x86.Build.0 = Release|Any CPU
	EndGlobalSection
	GlobalSection(SolutionProperties) = preSolution
		HideSolutionNode = FALSE
	EndGlobalSection
	GlobalSection(ExtensibilityGlobals) = postSolution
		SolutionGuid = {91196873-2929-4D8E-8E65-C35451957A80}
	EndGlobalSection
EndGlobal
